// !$*UTF8*$!
{
	archiveVersion = 1;
	classes = {
	};
	objectVersion = 46;
	objects = {

/* Begin PBXBuildFile section */
		1D3623260D0F684500981E51 /* MWFeedParserAppDelegate.m in Sources */ = {isa = PBXBuildFile; fileRef = 1D3623250D0F684500981E51 /* MWFeedParserAppDelegate.m */; };
		1D60589B0D05DD56006BFB54 /* main.m in Sources */ = {isa = PBXBuildFile; fileRef = 29B97316FDCFA39411CA2CEA /* main.m */; };
		1D60589F0D05DD5A006BFB54 /* Foundation.framework in Frameworks */ = {isa = PBXBuildFile; fileRef = 1D30AB110D05D00D00671497 /* Foundation.framework */; };
		1DF5F4E00D08C38300B7A737 /* UIKit.framework in Frameworks */ = {isa = PBXBuildFile; fileRef = 1DF5F4DF0D08C38300B7A737 /* UIKit.framework */; };
		2892E4100DC94CBA00A64D0F /* CoreGraphics.framework in Frameworks */ = {isa = PBXBuildFile; fileRef = 2892E40F0DC94CBA00A64D0F /* CoreGraphics.framework */; };
		28AD73600D9D9599002E5188 /* MainWindow.xib in Resources */ = {isa = PBXBuildFile; fileRef = 28AD735F0D9D9599002E5188 /* MainWindow.xib */; };
		28F335F11007B36200424DE2 /* RootViewController.xib in Resources */ = {isa = PBXBuildFile; fileRef = 28F335F01007B36200424DE2 /* RootViewController.xib */; };
		4C65F2EB12085ACE00606CFC /* GTMNSString+HTML.m in Sources */ = {isa = PBXBuildFile; fileRef = 4C65F2EA12085ACE00606CFC /* GTMNSString+HTML.m */; };
		4C65F318120863F800606CFC /* NSString+HTML.m in Sources */ = {isa = PBXBuildFile; fileRef = 4C65F317120863F800606CFC /* NSString+HTML.m */; };
		4C661F44125E3F2D007F1792 /* NSDate+InternetDateTime.m in Sources */ = {isa = PBXBuildFile; fileRef = 4C661F43125E3F2D007F1792 /* NSDate+InternetDateTime.m */; };
		4C661F8B125E50FA007F1792 /* Icon.png in Resources */ = {isa = PBXBuildFile; fileRef = 4C661F8A125E50FA007F1792 /* Icon.png */; };
		4CAD0E1211DA03BD0086F5F8 /* DetailTableViewController.m in Sources */ = {isa = PBXBuildFile; fileRef = 4CAD0E1111DA03BD0086F5F8 /* DetailTableViewController.m */; };
		4CC89609119F0CED00ED61B6 /* MWFeedParser.m in Sources */ = {isa = PBXBuildFile; fileRef = 4CC89604119F0CED00ED61B6 /* MWFeedParser.m */; };
		4CC8960A119F0CED00ED61B6 /* MWFeedInfo.m in Sources */ = {isa = PBXBuildFile; fileRef = 4CC89606119F0CED00ED61B6 /* MWFeedInfo.m */; };
		4CC8960B119F0CED00ED61B6 /* MWFeedItem.m in Sources */ = {isa = PBXBuildFile; fileRef = 4CC89608119F0CED00ED61B6 /* MWFeedItem.m */; };
		4CC8960F119F0CFB00ED61B6 /* NSString+XMLEntities.m in Sources */ = {isa = PBXBuildFile; fileRef = 4CC8960E119F0CFB00ED61B6 /* NSString+XMLEntities.m */; };
		4CC89612119F0D0C00ED61B6 /* RootViewController.m in Sources */ = {isa = PBXBuildFile; fileRef = 4CC89611119F0D0C00ED61B6 /* RootViewController.m */; };
		D56D70D814F9A8960084EC11 /* access.c in Sources */ = {isa = PBXBuildFile; fileRef = D56D70AA14F9A8960084EC11 /* access.c */; };
		D56D70D914F9A8960084EC11 /* alloc.c in Sources */ = {isa = PBXBuildFile; fileRef = D56D70AC14F9A8960084EC11 /* alloc.c */; };
		D56D70DA14F9A8960084EC11 /* attrask.c in Sources */ = {isa = PBXBuildFile; fileRef = D56D70AD14F9A8960084EC11 /* attrask.c */; };
		D56D70DB14F9A8960084EC11 /* attrdict.c in Sources */ = {isa = PBXBuildFile; fileRef = D56D70AE14F9A8960084EC11 /* attrdict.c */; };
		D56D70DC14F9A8960084EC11 /* attrget.c in Sources */ = {isa = PBXBuildFile; fileRef = D56D70B014F9A8960084EC11 /* attrget.c */; };
		D56D70DD14F9A8960084EC11 /* attrs.c in Sources */ = {isa = PBXBuildFile; fileRef = D56D70B114F9A8960084EC11 /* attrs.c */; };
		D56D70DE14F9A8960084EC11 /* buffio.c in Sources */ = {isa = PBXBuildFile; fileRef = D56D70B314F9A8960084EC11 /* buffio.c */; };
		D56D70DF14F9A8960084EC11 /* charsets.c in Sources */ = {isa = PBXBuildFile; fileRef = D56D70B414F9A8960084EC11 /* charsets.c */; };
		D56D70E014F9A8960084EC11 /* clean.c in Sources */ = {isa = PBXBuildFile; fileRef = D56D70B614F9A8960084EC11 /* clean.c */; };
		D56D70E114F9A8960084EC11 /* config.c in Sources */ = {isa = PBXBuildFile; fileRef = D56D70B814F9A8960084EC11 /* config.c */; };
		D56D70E214F9A8960084EC11 /* entities.c in Sources */ = {isa = PBXBuildFile; fileRef = D56D70BA14F9A8960084EC11 /* entities.c */; };
		D56D70E314F9A8960084EC11 /* fileio.c in Sources */ = {isa = PBXBuildFile; fileRef = D56D70BC14F9A8960084EC11 /* fileio.c */; };
		D56D70E414F9A8960084EC11 /* iconvtc.c in Sources */ = {isa = PBXBuildFile; fileRef = D56D70BF14F9A8960084EC11 /* iconvtc.c */; };
		D56D70E514F9A8960084EC11 /* istack.c in Sources */ = {isa = PBXBuildFile; fileRef = D56D70C114F9A8960084EC11 /* istack.c */; };
		D56D70E614F9A8960084EC11 /* lexer.c in Sources */ = {isa = PBXBuildFile; fileRef = D56D70C214F9A8960084EC11 /* lexer.c */; };
		D56D70E714F9A8960084EC11 /* localize.c in Sources */ = {isa = PBXBuildFile; fileRef = D56D70C414F9A8960084EC11 /* localize.c */; };
		D56D70E814F9A8960084EC11 /* mappedio.c in Sources */ = {isa = PBXBuildFile; fileRef = D56D70C514F9A8960084EC11 /* mappedio.c */; };
		D56D70E914F9A8960084EC11 /* parser.c in Sources */ = {isa = PBXBuildFile; fileRef = D56D70C814F9A8960084EC11 /* parser.c */; };
		D56D70EA14F9A8960084EC11 /* pprint.c in Sources */ = {isa = PBXBuildFile; fileRef = D56D70CA14F9A8960084EC11 /* pprint.c */; };
		D56D70EB14F9A8960084EC11 /* streamio.c in Sources */ = {isa = PBXBuildFile; fileRef = D56D70CC14F9A8960084EC11 /* streamio.c */; };
		D56D70EC14F9A8960084EC11 /* tagask.c in Sources */ = {isa = PBXBuildFile; fileRef = D56D70CE14F9A8960084EC11 /* tagask.c */; };
		D56D70ED14F9A8960084EC11 /* tags.c in Sources */ = {isa = PBXBuildFile; fileRef = D56D70CF14F9A8960084EC11 /* tags.c */; };
		D56D70EE14F9A8960084EC11 /* tidylib.c in Sources */ = {isa = PBXBuildFile; fileRef = D56D70D214F9A8960084EC11 /* tidylib.c */; };
		D56D70EF14F9A8960084EC11 /* tmbstr.c in Sources */ = {isa = PBXBuildFile; fileRef = D56D70D314F9A8960084EC11 /* tmbstr.c */; };
		D56D70F014F9A8960084EC11 /* utf8.c in Sources */ = {isa = PBXBuildFile; fileRef = D56D70D514F9A8960084EC11 /* utf8.c */; };
		D56D70F514F9AAE40084EC11 /* access.c in Sources */ = {isa = PBXBuildFile; fileRef = D56D70AA14F9A8960084EC11 /* access.c */; };
		D56D70F614F9AAE40084EC11 /* alloc.c in Sources */ = {isa = PBXBuildFile; fileRef = D56D70AC14F9A8960084EC11 /* alloc.c */; };
		D56D70F714F9AAE40084EC11 /* attrask.c in Sources */ = {isa = PBXBuildFile; fileRef = D56D70AD14F9A8960084EC11 /* attrask.c */; };
		D56D70F814F9AAE40084EC11 /* attrdict.c in Sources */ = {isa = PBXBuildFile; fileRef = D56D70AE14F9A8960084EC11 /* attrdict.c */; };
		D56D70F914F9AAE40084EC11 /* attrget.c in Sources */ = {isa = PBXBuildFile; fileRef = D56D70B014F9A8960084EC11 /* attrget.c */; };
		D56D70FA14F9AAE40084EC11 /* attrs.c in Sources */ = {isa = PBXBuildFile; fileRef = D56D70B114F9A8960084EC11 /* attrs.c */; };
		D56D70FB14F9AAE40084EC11 /* buffio.c in Sources */ = {isa = PBXBuildFile; fileRef = D56D70B314F9A8960084EC11 /* buffio.c */; };
		D56D70FC14F9AAE40084EC11 /* charsets.c in Sources */ = {isa = PBXBuildFile; fileRef = D56D70B414F9A8960084EC11 /* charsets.c */; };
		D56D70FD14F9AAE40084EC11 /* clean.c in Sources */ = {isa = PBXBuildFile; fileRef = D56D70B614F9A8960084EC11 /* clean.c */; };
		D56D70FE14F9AAE40084EC11 /* config.c in Sources */ = {isa = PBXBuildFile; fileRef = D56D70B814F9A8960084EC11 /* config.c */; };
		D56D70FF14F9AAE40084EC11 /* entities.c in Sources */ = {isa = PBXBuildFile; fileRef = D56D70BA14F9A8960084EC11 /* entities.c */; };
		D56D710014F9AAE40084EC11 /* fileio.c in Sources */ = {isa = PBXBuildFile; fileRef = D56D70BC14F9A8960084EC11 /* fileio.c */; };
		D56D710114F9AAE40084EC11 /* iconvtc.c in Sources */ = {isa = PBXBuildFile; fileRef = D56D70BF14F9A8960084EC11 /* iconvtc.c */; };
		D56D710214F9AAE40084EC11 /* istack.c in Sources */ = {isa = PBXBuildFile; fileRef = D56D70C114F9A8960084EC11 /* istack.c */; };
		D56D710314F9AAE40084EC11 /* lexer.c in Sources */ = {isa = PBXBuildFile; fileRef = D56D70C214F9A8960084EC11 /* lexer.c */; };
		D56D710414F9AAE40084EC11 /* localize.c in Sources */ = {isa = PBXBuildFile; fileRef = D56D70C414F9A8960084EC11 /* localize.c */; };
		D56D710514F9AAE40084EC11 /* mappedio.c in Sources */ = {isa = PBXBuildFile; fileRef = D56D70C514F9A8960084EC11 /* mappedio.c */; };
		D56D710614F9AAE40084EC11 /* parser.c in Sources */ = {isa = PBXBuildFile; fileRef = D56D70C814F9A8960084EC11 /* parser.c */; };
		D56D710714F9AAE40084EC11 /* pprint.c in Sources */ = {isa = PBXBuildFile; fileRef = D56D70CA14F9A8960084EC11 /* pprint.c */; };
		D56D710814F9AAE40084EC11 /* streamio.c in Sources */ = {isa = PBXBuildFile; fileRef = D56D70CC14F9A8960084EC11 /* streamio.c */; };
		D56D710914F9AAE40084EC11 /* tagask.c in Sources */ = {isa = PBXBuildFile; fileRef = D56D70CE14F9A8960084EC11 /* tagask.c */; };
		D56D710A14F9AAE40084EC11 /* tags.c in Sources */ = {isa = PBXBuildFile; fileRef = D56D70CF14F9A8960084EC11 /* tags.c */; };
		D56D710B14F9AAE40084EC11 /* tidylib.c in Sources */ = {isa = PBXBuildFile; fileRef = D56D70D214F9A8960084EC11 /* tidylib.c */; };
		D56D710C14F9AAE40084EC11 /* tmbstr.c in Sources */ = {isa = PBXBuildFile; fileRef = D56D70D314F9A8960084EC11 /* tmbstr.c */; };
		D56D710D14F9AAE40084EC11 /* utf8.c in Sources */ = {isa = PBXBuildFile; fileRef = D56D70D514F9A8960084EC11 /* utf8.c */; };
		D5854E1214E1C59C00DEAE67 /* MWImageParser.m in Sources */ = {isa = PBXBuildFile; fileRef = D5854E1114E1C59C00DEAE67 /* MWImageParser.m */; };
		D5854E1A14E1CC9400DEAE67 /* SenTestingKit.framework in Frameworks */ = {isa = PBXBuildFile; fileRef = D5854E1914E1CC9300DEAE67 /* SenTestingKit.framework */; };
		D5854E1B14E1CC9400DEAE67 /* UIKit.framework in Frameworks */ = {isa = PBXBuildFile; fileRef = 1DF5F4DF0D08C38300B7A737 /* UIKit.framework */; };
		D5854E1C14E1CC9400DEAE67 /* Foundation.framework in Frameworks */ = {isa = PBXBuildFile; fileRef = 1D30AB110D05D00D00671497 /* Foundation.framework */; };
		D5854E2214E1CC9400DEAE67 /* InfoPlist.strings in Resources */ = {isa = PBXBuildFile; fileRef = D5854E2014E1CC9400DEAE67 /* InfoPlist.strings */; };
		D5854E2514E1CC9400DEAE67 /* MWFeedParserTests.m in Sources */ = {isa = PBXBuildFile; fileRef = D5854E2414E1CC9400DEAE67 /* MWFeedParserTests.m */; };
		D5854E2C14E1CD3A00DEAE67 /* samples in Resources */ = {isa = PBXBuildFile; fileRef = D5854E2A14E1CD1700DEAE67 /* samples */; };
		D5854E2F14E1CD5500DEAE67 /* MWFeedParser.m in Sources */ = {isa = PBXBuildFile; fileRef = 4CC89604119F0CED00ED61B6 /* MWFeedParser.m */; };
		D5854E3114E1CD5500DEAE67 /* MWFeedInfo.m in Sources */ = {isa = PBXBuildFile; fileRef = 4CC89606119F0CED00ED61B6 /* MWFeedInfo.m */; };
		D5854E3314E1CD5500DEAE67 /* MWFeedItem.m in Sources */ = {isa = PBXBuildFile; fileRef = 4CC89608119F0CED00ED61B6 /* MWFeedItem.m */; };
		D5854E3514E1CD5500DEAE67 /* MWImageParser.m in Sources */ = {isa = PBXBuildFile; fileRef = D5854E1114E1C59C00DEAE67 /* MWImageParser.m */; };
		D5854E3714E1CD5500DEAE67 /* NSString+HTML.m in Sources */ = {isa = PBXBuildFile; fileRef = 4C65F317120863F800606CFC /* NSString+HTML.m */; };
		D5854E3914E1CD5500DEAE67 /* NSDate+InternetDateTime.m in Sources */ = {isa = PBXBuildFile; fileRef = 4C661F43125E3F2D007F1792 /* NSDate+InternetDateTime.m */; };
/* End PBXBuildFile section */

/* Begin PBXFileReference section */
		1D30AB110D05D00D00671497 /* Foundation.framework */ = {isa = PBXFileReference; lastKnownFileType = wrapper.framework; name = Foundation.framework; path = System/Library/Frameworks/Foundation.framework; sourceTree = SDKROOT; };
		1D3623240D0F684500981E51 /* MWFeedParserAppDelegate.h */ = {isa = PBXFileReference; fileEncoding = 4; lastKnownFileType = sourcecode.c.h; path = MWFeedParserAppDelegate.h; sourceTree = "<group>"; };
		1D3623250D0F684500981E51 /* MWFeedParserAppDelegate.m */ = {isa = PBXFileReference; fileEncoding = 4; lastKnownFileType = sourcecode.c.objc; path = MWFeedParserAppDelegate.m; sourceTree = "<group>"; };
		1D6058910D05DD3D006BFB54 /* MWFeedParser.app */ = {isa = PBXFileReference; explicitFileType = wrapper.application; includeInIndex = 0; path = MWFeedParser.app; sourceTree = BUILT_PRODUCTS_DIR; };
		1DF5F4DF0D08C38300B7A737 /* UIKit.framework */ = {isa = PBXFileReference; lastKnownFileType = wrapper.framework; name = UIKit.framework; path = System/Library/Frameworks/UIKit.framework; sourceTree = SDKROOT; };
		2892E40F0DC94CBA00A64D0F /* CoreGraphics.framework */ = {isa = PBXFileReference; lastKnownFileType = wrapper.framework; name = CoreGraphics.framework; path = System/Library/Frameworks/CoreGraphics.framework; sourceTree = SDKROOT; };
		28A0AAE50D9B0CCF005BE974 /* MWFeedParser_Prefix.pch */ = {isa = PBXFileReference; fileEncoding = 4; lastKnownFileType = sourcecode.c.h; path = MWFeedParser_Prefix.pch; sourceTree = "<group>"; };
		28AD735F0D9D9599002E5188 /* MainWindow.xib */ = {isa = PBXFileReference; lastKnownFileType = file.xib; path = MainWindow.xib; sourceTree = "<group>"; };
		28F335F01007B36200424DE2 /* RootViewController.xib */ = {isa = PBXFileReference; lastKnownFileType = file.xib; path = RootViewController.xib; sourceTree = "<group>"; };
		29B97316FDCFA39411CA2CEA /* main.m */ = {isa = PBXFileReference; fileEncoding = 4; lastKnownFileType = sourcecode.c.objc; path = main.m; sourceTree = "<group>"; };
		4C65F2E912085ACE00606CFC /* GTMNSString+HTML.h */ = {isa = PBXFileReference; fileEncoding = 4; lastKnownFileType = sourcecode.c.h; path = "GTMNSString+HTML.h"; sourceTree = "<group>"; };
		4C65F2EA12085ACE00606CFC /* GTMNSString+HTML.m */ = {isa = PBXFileReference; fileEncoding = 4; lastKnownFileType = sourcecode.c.objc; path = "GTMNSString+HTML.m"; sourceTree = "<group>"; };
		4C65F316120863F800606CFC /* NSString+HTML.h */ = {isa = PBXFileReference; fileEncoding = 4; lastKnownFileType = sourcecode.c.h; path = "NSString+HTML.h"; sourceTree = "<group>"; };
		4C65F317120863F800606CFC /* NSString+HTML.m */ = {isa = PBXFileReference; fileEncoding = 4; lastKnownFileType = sourcecode.c.objc; path = "NSString+HTML.m"; sourceTree = "<group>"; };
		4C661F42125E3F2D007F1792 /* NSDate+InternetDateTime.h */ = {isa = PBXFileReference; fileEncoding = 4; lastKnownFileType = sourcecode.c.h; path = "NSDate+InternetDateTime.h"; sourceTree = "<group>"; };
		4C661F43125E3F2D007F1792 /* NSDate+InternetDateTime.m */ = {isa = PBXFileReference; fileEncoding = 4; lastKnownFileType = sourcecode.c.objc; path = "NSDate+InternetDateTime.m"; sourceTree = "<group>"; };
		4C661F8A125E50FA007F1792 /* Icon.png */ = {isa = PBXFileReference; lastKnownFileType = image.png; path = Icon.png; sourceTree = "<group>"; };
		4CAA79C911A406890009078E /* MWFeedParser_Private.h */ = {isa = PBXFileReference; fileEncoding = 4; lastKnownFileType = sourcecode.c.h; path = MWFeedParser_Private.h; sourceTree = "<group>"; };
		4CAD0E1011DA03BD0086F5F8 /* DetailTableViewController.h */ = {isa = PBXFileReference; fileEncoding = 4; lastKnownFileType = sourcecode.c.h; path = DetailTableViewController.h; sourceTree = "<group>"; };
		4CAD0E1111DA03BD0086F5F8 /* DetailTableViewController.m */ = {isa = PBXFileReference; fileEncoding = 4; lastKnownFileType = sourcecode.c.objc; path = DetailTableViewController.m; sourceTree = "<group>"; };
		4CC89603119F0CED00ED61B6 /* MWFeedParser.h */ = {isa = PBXFileReference; fileEncoding = 4; lastKnownFileType = sourcecode.c.h; path = MWFeedParser.h; sourceTree = "<group>"; };
		4CC89604119F0CED00ED61B6 /* MWFeedParser.m */ = {isa = PBXFileReference; fileEncoding = 4; lastKnownFileType = sourcecode.c.objc; path = MWFeedParser.m; sourceTree = "<group>"; };
		4CC89605119F0CED00ED61B6 /* MWFeedInfo.h */ = {isa = PBXFileReference; fileEncoding = 4; lastKnownFileType = sourcecode.c.h; path = MWFeedInfo.h; sourceTree = "<group>"; };
		4CC89606119F0CED00ED61B6 /* MWFeedInfo.m */ = {isa = PBXFileReference; fileEncoding = 4; lastKnownFileType = sourcecode.c.objc; path = MWFeedInfo.m; sourceTree = "<group>"; };
		4CC89607119F0CED00ED61B6 /* MWFeedItem.h */ = {isa = PBXFileReference; fileEncoding = 4; lastKnownFileType = sourcecode.c.h; path = MWFeedItem.h; sourceTree = "<group>"; };
		4CC89608119F0CED00ED61B6 /* MWFeedItem.m */ = {isa = PBXFileReference; fileEncoding = 4; lastKnownFileType = sourcecode.c.objc; path = MWFeedItem.m; sourceTree = "<group>"; };
		4CC8960D119F0CFB00ED61B6 /* NSString+XMLEntities.h */ = {isa = PBXFileReference; fileEncoding = 4; lastKnownFileType = sourcecode.c.h; path = "NSString+XMLEntities.h"; sourceTree = "<group>"; };
		4CC8960E119F0CFB00ED61B6 /* NSString+XMLEntities.m */ = {isa = PBXFileReference; fileEncoding = 4; lastKnownFileType = sourcecode.c.objc; path = "NSString+XMLEntities.m"; sourceTree = "<group>"; };
		4CC89610119F0D0C00ED61B6 /* RootViewController.h */ = {isa = PBXFileReference; fileEncoding = 4; lastKnownFileType = sourcecode.c.h; path = RootViewController.h; sourceTree = "<group>"; };
		4CC89611119F0D0C00ED61B6 /* RootViewController.m */ = {isa = PBXFileReference; fileEncoding = 4; lastKnownFileType = sourcecode.c.objc; path = RootViewController.m; sourceTree = "<group>"; };
		8D1107310486CEB800E47090 /* MWFeedParser-Info.plist */ = {isa = PBXFileReference; fileEncoding = 4; lastKnownFileType = text.plist.xml; path = "MWFeedParser-Info.plist"; plistStructureDefinitionIdentifier = "com.apple.xcode.plist.structure-definition.iphone.info-plist"; sourceTree = "<group>"; };
		D56D70AA14F9A8960084EC11 /* access.c */ = {isa = PBXFileReference; fileEncoding = 4; lastKnownFileType = sourcecode.c.c; name = access.c; path = libtidy/src/access.c; sourceTree = "<group>"; };
		D56D70AB14F9A8960084EC11 /* access.h */ = {isa = PBXFileReference; fileEncoding = 4; lastKnownFileType = sourcecode.c.h; name = access.h; path = libtidy/src/access.h; sourceTree = "<group>"; };
		D56D70AC14F9A8960084EC11 /* alloc.c */ = {isa = PBXFileReference; fileEncoding = 4; lastKnownFileType = sourcecode.c.c; name = alloc.c; path = libtidy/src/alloc.c; sourceTree = "<group>"; };
		D56D70AD14F9A8960084EC11 /* attrask.c */ = {isa = PBXFileReference; fileEncoding = 4; lastKnownFileType = sourcecode.c.c; name = attrask.c; path = libtidy/src/attrask.c; sourceTree = "<group>"; };
		D56D70AE14F9A8960084EC11 /* attrdict.c */ = {isa = PBXFileReference; fileEncoding = 4; lastKnownFileType = sourcecode.c.c; name = attrdict.c; path = libtidy/src/attrdict.c; sourceTree = "<group>"; };
		D56D70AF14F9A8960084EC11 /* attrdict.h */ = {isa = PBXFileReference; fileEncoding = 4; lastKnownFileType = sourcecode.c.h; name = attrdict.h; path = libtidy/src/attrdict.h; sourceTree = "<group>"; };
		D56D70B014F9A8960084EC11 /* attrget.c */ = {isa = PBXFileReference; fileEncoding = 4; lastKnownFileType = sourcecode.c.c; name = attrget.c; path = libtidy/src/attrget.c; sourceTree = "<group>"; };
		D56D70B114F9A8960084EC11 /* attrs.c */ = {isa = PBXFileReference; fileEncoding = 4; lastKnownFileType = sourcecode.c.c; name = attrs.c; path = libtidy/src/attrs.c; sourceTree = "<group>"; };
		D56D70B214F9A8960084EC11 /* attrs.h */ = {isa = PBXFileReference; fileEncoding = 4; lastKnownFileType = sourcecode.c.h; name = attrs.h; path = libtidy/src/attrs.h; sourceTree = "<group>"; };
		D56D70B314F9A8960084EC11 /* buffio.c */ = {isa = PBXFileReference; fileEncoding = 4; lastKnownFileType = sourcecode.c.c; name = buffio.c; path = libtidy/src/buffio.c; sourceTree = "<group>"; };
		D56D70B414F9A8960084EC11 /* charsets.c */ = {isa = PBXFileReference; fileEncoding = 4; lastKnownFileType = sourcecode.c.c; name = charsets.c; path = libtidy/src/charsets.c; sourceTree = "<group>"; };
		D56D70B514F9A8960084EC11 /* charsets.h */ = {isa = PBXFileReference; fileEncoding = 4; lastKnownFileType = sourcecode.c.h; name = charsets.h; path = libtidy/src/charsets.h; sourceTree = "<group>"; };
		D56D70B614F9A8960084EC11 /* clean.c */ = {isa = PBXFileReference; fileEncoding = 4; lastKnownFileType = sourcecode.c.c; name = clean.c; path = libtidy/src/clean.c; sourceTree = "<group>"; };
		D56D70B714F9A8960084EC11 /* clean.h */ = {isa = PBXFileReference; fileEncoding = 4; lastKnownFileType = sourcecode.c.h; name = clean.h; path = libtidy/src/clean.h; sourceTree = "<group>"; };
		D56D70B814F9A8960084EC11 /* config.c */ = {isa = PBXFileReference; fileEncoding = 4; lastKnownFileType = sourcecode.c.c; name = config.c; path = libtidy/src/config.c; sourceTree = "<group>"; };
		D56D70B914F9A8960084EC11 /* config.h */ = {isa = PBXFileReference; fileEncoding = 4; lastKnownFileType = sourcecode.c.h; name = config.h; path = libtidy/src/config.h; sourceTree = "<group>"; };
		D56D70BA14F9A8960084EC11 /* entities.c */ = {isa = PBXFileReference; fileEncoding = 4; lastKnownFileType = sourcecode.c.c; name = entities.c; path = libtidy/src/entities.c; sourceTree = "<group>"; };
		D56D70BB14F9A8960084EC11 /* entities.h */ = {isa = PBXFileReference; fileEncoding = 4; lastKnownFileType = sourcecode.c.h; name = entities.h; path = libtidy/src/entities.h; sourceTree = "<group>"; };
		D56D70BC14F9A8960084EC11 /* fileio.c */ = {isa = PBXFileReference; fileEncoding = 4; lastKnownFileType = sourcecode.c.c; name = fileio.c; path = libtidy/src/fileio.c; sourceTree = "<group>"; };
		D56D70BD14F9A8960084EC11 /* fileio.h */ = {isa = PBXFileReference; fileEncoding = 4; lastKnownFileType = sourcecode.c.h; name = fileio.h; path = libtidy/src/fileio.h; sourceTree = "<group>"; };
		D56D70BE14F9A8960084EC11 /* forward.h */ = {isa = PBXFileReference; fileEncoding = 4; lastKnownFileType = sourcecode.c.h; name = forward.h; path = libtidy/src/forward.h; sourceTree = "<group>"; };
		D56D70BF14F9A8960084EC11 /* iconvtc.c */ = {isa = PBXFileReference; fileEncoding = 4; lastKnownFileType = sourcecode.c.c; name = iconvtc.c; path = libtidy/src/iconvtc.c; sourceTree = "<group>"; };
		D56D70C014F9A8960084EC11 /* iconvtc.h */ = {isa = PBXFileReference; fileEncoding = 4; lastKnownFileType = sourcecode.c.h; name = iconvtc.h; path = libtidy/src/iconvtc.h; sourceTree = "<group>"; };
		D56D70C114F9A8960084EC11 /* istack.c */ = {isa = PBXFileReference; fileEncoding = 4; lastKnownFileType = sourcecode.c.c; name = istack.c; path = libtidy/src/istack.c; sourceTree = "<group>"; };
		D56D70C214F9A8960084EC11 /* lexer.c */ = {isa = PBXFileReference; fileEncoding = 4; lastKnownFileType = sourcecode.c.c; name = lexer.c; path = libtidy/src/lexer.c; sourceTree = "<group>"; };
		D56D70C314F9A8960084EC11 /* lexer.h */ = {isa = PBXFileReference; fileEncoding = 4; lastKnownFileType = sourcecode.c.h; name = lexer.h; path = libtidy/src/lexer.h; sourceTree = "<group>"; };
		D56D70C414F9A8960084EC11 /* localize.c */ = {isa = PBXFileReference; fileEncoding = 4; lastKnownFileType = sourcecode.c.c; name = localize.c; path = libtidy/src/localize.c; sourceTree = "<group>"; };
		D56D70C514F9A8960084EC11 /* mappedio.c */ = {isa = PBXFileReference; fileEncoding = 4; lastKnownFileType = sourcecode.c.c; name = mappedio.c; path = libtidy/src/mappedio.c; sourceTree = "<group>"; };
		D56D70C614F9A8960084EC11 /* mappedio.h */ = {isa = PBXFileReference; fileEncoding = 4; lastKnownFileType = sourcecode.c.h; name = mappedio.h; path = libtidy/src/mappedio.h; sourceTree = "<group>"; };
		D56D70C714F9A8960084EC11 /* message.h */ = {isa = PBXFileReference; fileEncoding = 4; lastKnownFileType = sourcecode.c.h; name = message.h; path = libtidy/src/message.h; sourceTree = "<group>"; };
		D56D70C814F9A8960084EC11 /* parser.c */ = {isa = PBXFileReference; fileEncoding = 4; lastKnownFileType = sourcecode.c.c; name = parser.c; path = libtidy/src/parser.c; sourceTree = "<group>"; };
		D56D70C914F9A8960084EC11 /* parser.h */ = {isa = PBXFileReference; fileEncoding = 4; lastKnownFileType = sourcecode.c.h; name = parser.h; path = libtidy/src/parser.h; sourceTree = "<group>"; };
		D56D70CA14F9A8960084EC11 /* pprint.c */ = {isa = PBXFileReference; fileEncoding = 4; lastKnownFileType = sourcecode.c.c; name = pprint.c; path = libtidy/src/pprint.c; sourceTree = "<group>"; };
		D56D70CB14F9A8960084EC11 /* pprint.h */ = {isa = PBXFileReference; fileEncoding = 4; lastKnownFileType = sourcecode.c.h; name = pprint.h; path = libtidy/src/pprint.h; sourceTree = "<group>"; };
		D56D70CC14F9A8960084EC11 /* streamio.c */ = {isa = PBXFileReference; fileEncoding = 4; lastKnownFileType = sourcecode.c.c; name = streamio.c; path = libtidy/src/streamio.c; sourceTree = "<group>"; };
		D56D70CD14F9A8960084EC11 /* streamio.h */ = {isa = PBXFileReference; fileEncoding = 4; lastKnownFileType = sourcecode.c.h; name = streamio.h; path = libtidy/src/streamio.h; sourceTree = "<group>"; };
		D56D70CE14F9A8960084EC11 /* tagask.c */ = {isa = PBXFileReference; fileEncoding = 4; lastKnownFileType = sourcecode.c.c; name = tagask.c; path = libtidy/src/tagask.c; sourceTree = "<group>"; };
		D56D70CF14F9A8960084EC11 /* tags.c */ = {isa = PBXFileReference; fileEncoding = 4; lastKnownFileType = sourcecode.c.c; name = tags.c; path = libtidy/src/tags.c; sourceTree = "<group>"; };
		D56D70D014F9A8960084EC11 /* tags.h */ = {isa = PBXFileReference; fileEncoding = 4; lastKnownFileType = sourcecode.c.h; name = tags.h; path = libtidy/src/tags.h; sourceTree = "<group>"; };
		D56D70D114F9A8960084EC11 /* tidy-int.h */ = {isa = PBXFileReference; fileEncoding = 4; lastKnownFileType = sourcecode.c.h; name = "tidy-int.h"; path = "libtidy/src/tidy-int.h"; sourceTree = "<group>"; };
		D56D70D214F9A8960084EC11 /* tidylib.c */ = {isa = PBXFileReference; fileEncoding = 4; lastKnownFileType = sourcecode.c.c; name = tidylib.c; path = libtidy/src/tidylib.c; sourceTree = "<group>"; };
		D56D70D314F9A8960084EC11 /* tmbstr.c */ = {isa = PBXFileReference; fileEncoding = 4; lastKnownFileType = sourcecode.c.c; name = tmbstr.c; path = libtidy/src/tmbstr.c; sourceTree = "<group>"; };
		D56D70D414F9A8960084EC11 /* tmbstr.h */ = {isa = PBXFileReference; fileEncoding = 4; lastKnownFileType = sourcecode.c.h; name = tmbstr.h; path = libtidy/src/tmbstr.h; sourceTree = "<group>"; };
		D56D70D514F9A8960084EC11 /* utf8.c */ = {isa = PBXFileReference; fileEncoding = 4; lastKnownFileType = sourcecode.c.c; name = utf8.c; path = libtidy/src/utf8.c; sourceTree = "<group>"; };
		D56D70D614F9A8960084EC11 /* utf8.h */ = {isa = PBXFileReference; fileEncoding = 4; lastKnownFileType = sourcecode.c.h; name = utf8.h; path = libtidy/src/utf8.h; sourceTree = "<group>"; };
		D56D70D714F9A8960084EC11 /* version.h */ = {isa = PBXFileReference; fileEncoding = 4; lastKnownFileType = sourcecode.c.h; name = version.h; path = libtidy/src/version.h; sourceTree = "<group>"; };
		D56D70F114F9A8BF0084EC11 /* buffio.h */ = {isa = PBXFileReference; fileEncoding = 4; lastKnownFileType = sourcecode.c.h; name = buffio.h; path = libtidy/include/buffio.h; sourceTree = "<group>"; };
		D56D70F214F9A8BF0084EC11 /* platform.h */ = {isa = PBXFileReference; fileEncoding = 4; lastKnownFileType = sourcecode.c.h; name = platform.h; path = libtidy/include/platform.h; sourceTree = "<group>"; };
		D56D70F314F9A8BF0084EC11 /* tidy.h */ = {isa = PBXFileReference; fileEncoding = 4; lastKnownFileType = sourcecode.c.h; name = tidy.h; path = libtidy/include/tidy.h; sourceTree = "<group>"; };
		D56D70F414F9A8BF0084EC11 /* tidyenum.h */ = {isa = PBXFileReference; fileEncoding = 4; lastKnownFileType = sourcecode.c.h; name = tidyenum.h; path = libtidy/include/tidyenum.h; sourceTree = "<group>"; };
		D5854E1014E1C59C00DEAE67 /* MWImageParser.h */ = {isa = PBXFileReference; fileEncoding = 4; lastKnownFileType = sourcecode.c.h; path = MWImageParser.h; sourceTree = "<group>"; };
		D5854E1114E1C59C00DEAE67 /* MWImageParser.m */ = {isa = PBXFileReference; fileEncoding = 4; lastKnownFileType = sourcecode.c.objc; path = MWImageParser.m; sourceTree = "<group>"; };
		D5854E1814E1CC9300DEAE67 /* MWFeedParserTests.octest */ = {isa = PBXFileReference; explicitFileType = wrapper.cfbundle; includeInIndex = 0; path = MWFeedParserTests.octest; sourceTree = BUILT_PRODUCTS_DIR; };
		D5854E1914E1CC9300DEAE67 /* SenTestingKit.framework */ = {isa = PBXFileReference; lastKnownFileType = wrapper.framework; name = SenTestingKit.framework; path = Library/Frameworks/SenTestingKit.framework; sourceTree = DEVELOPER_DIR; };
		D5854E1F14E1CC9400DEAE67 /* MWFeedParserTests-Info.plist */ = {isa = PBXFileReference; lastKnownFileType = text.plist.xml; path = "MWFeedParserTests-Info.plist"; sourceTree = "<group>"; };
		D5854E2114E1CC9400DEAE67 /* en */ = {isa = PBXFileReference; lastKnownFileType = text.plist.strings; name = en; path = en.lproj/InfoPlist.strings; sourceTree = "<group>"; };
		D5854E2314E1CC9400DEAE67 /* MWFeedParserTests.h */ = {isa = PBXFileReference; lastKnownFileType = sourcecode.c.h; path = MWFeedParserTests.h; sourceTree = "<group>"; };
		D5854E2414E1CC9400DEAE67 /* MWFeedParserTests.m */ = {isa = PBXFileReference; lastKnownFileType = sourcecode.c.objc; path = MWFeedParserTests.m; sourceTree = "<group>"; };
		D5854E2614E1CC9400DEAE67 /* MWFeedParserTests-Prefix.pch */ = {isa = PBXFileReference; lastKnownFileType = sourcecode.c.h; path = "MWFeedParserTests-Prefix.pch"; sourceTree = "<group>"; };
		D5854E2A14E1CD1700DEAE67 /* samples */ = {isa = PBXFileReference; lastKnownFileType = folder; path = samples; sourceTree = "<group>"; };
/* End PBXFileReference section */

/* Begin PBXFrameworksBuildPhase section */
		1D60588F0D05DD3D006BFB54 /* Frameworks */ = {
			isa = PBXFrameworksBuildPhase;
			buildActionMask = 2147483647;
			files = (
				1D60589F0D05DD5A006BFB54 /* Foundation.framework in Frameworks */,
				1DF5F4E00D08C38300B7A737 /* UIKit.framework in Frameworks */,
				2892E4100DC94CBA00A64D0F /* CoreGraphics.framework in Frameworks */,
			);
			runOnlyForDeploymentPostprocessing = 0;
		};
		D5854E1414E1CC9300DEAE67 /* Frameworks */ = {
			isa = PBXFrameworksBuildPhase;
			buildActionMask = 2147483647;
			files = (
				D5854E1A14E1CC9400DEAE67 /* SenTestingKit.framework in Frameworks */,
				D5854E1B14E1CC9400DEAE67 /* UIKit.framework in Frameworks */,
				D5854E1C14E1CC9400DEAE67 /* Foundation.framework in Frameworks */,
			);
			runOnlyForDeploymentPostprocessing = 0;
		};
/* End PBXFrameworksBuildPhase section */

/* Begin PBXGroup section */
		080E96DDFE201D6D7F000001 /* Classes */ = {
			isa = PBXGroup;
			children = (
				4CC89620119F0D1E00ED61B6 /* App */,
				4CC89602119F0CDE00ED61B6 /* MWFeedParser */,
				4CC8960C119F0CF000ED61B6 /* Categories */,
			);
			path = Classes;
			sourceTree = "<group>";
		};
		19C28FACFE9D520D11CA2CBB /* Products */ = {
			isa = PBXGroup;
			children = (
				1D6058910D05DD3D006BFB54 /* MWFeedParser.app */,
				D5854E1814E1CC9300DEAE67 /* MWFeedParserTests.octest */,
			);
			name = Products;
			sourceTree = "<group>";
		};
		29B97314FDCFA39411CA2CEA /* CustomTemplate */ = {
			isa = PBXGroup;
			children = (
				D56D70A814F9A8440084EC11 /* libtidy */,
				080E96DDFE201D6D7F000001 /* Classes */,
				29B97315FDCFA39411CA2CEA /* Other Sources */,
				29B97317FDCFA39411CA2CEA /* Resources */,
				D5854E1D14E1CC9400DEAE67 /* MWFeedParserTests */,
				29B97323FDCFA39411CA2CEA /* Frameworks */,
				19C28FACFE9D520D11CA2CBB /* Products */,
			);
			name = CustomTemplate;
			sourceTree = "<group>";
		};
		29B97315FDCFA39411CA2CEA /* Other Sources */ = {
			isa = PBXGroup;
			children = (
				28A0AAE50D9B0CCF005BE974 /* MWFeedParser_Prefix.pch */,
				29B97316FDCFA39411CA2CEA /* main.m */,
			);
			name = "Other Sources";
			sourceTree = "<group>";
		};
		29B97317FDCFA39411CA2CEA /* Resources */ = {
			isa = PBXGroup;
			children = (
				4C661F8A125E50FA007F1792 /* Icon.png */,
				28F335F01007B36200424DE2 /* RootViewController.xib */,
				28AD735F0D9D9599002E5188 /* MainWindow.xib */,
				8D1107310486CEB800E47090 /* MWFeedParser-Info.plist */,
			);
			name = Resources;
			sourceTree = "<group>";
		};
		29B97323FDCFA39411CA2CEA /* Frameworks */ = {
			isa = PBXGroup;
			children = (
				1DF5F4DF0D08C38300B7A737 /* UIKit.framework */,
				1D30AB110D05D00D00671497 /* Foundation.framework */,
				2892E40F0DC94CBA00A64D0F /* CoreGraphics.framework */,
				D5854E1914E1CC9300DEAE67 /* SenTestingKit.framework */,
			);
			name = Frameworks;
			sourceTree = "<group>";
		};
		4C65F30F12085FF400606CFC /* Google Toolbox for Mac */ = {
			isa = PBXGroup;
			children = (
				4C65F2E912085ACE00606CFC /* GTMNSString+HTML.h */,
				4C65F2EA12085ACE00606CFC /* GTMNSString+HTML.m */,
			);
			name = "Google Toolbox for Mac";
			sourceTree = "<group>";
		};
		4C65F3151208638600606CFC /* Depreciated */ = {
			isa = PBXGroup;
			children = (
				4CC8960D119F0CFB00ED61B6 /* NSString+XMLEntities.h */,
				4CC8960E119F0CFB00ED61B6 /* NSString+XMLEntities.m */,
			);
			name = Depreciated;
			sourceTree = "<group>";
		};
		4CC89602119F0CDE00ED61B6 /* MWFeedParser */ = {
			isa = PBXGroup;
			children = (
				4CC89603119F0CED00ED61B6 /* MWFeedParser.h */,
				4CAA79C911A406890009078E /* MWFeedParser_Private.h */,
				4CC89604119F0CED00ED61B6 /* MWFeedParser.m */,
				4CC89605119F0CED00ED61B6 /* MWFeedInfo.h */,
				4CC89606119F0CED00ED61B6 /* MWFeedInfo.m */,
				4CC89607119F0CED00ED61B6 /* MWFeedItem.h */,
				4CC89608119F0CED00ED61B6 /* MWFeedItem.m */,
				D5854E1014E1C59C00DEAE67 /* MWImageParser.h */,
				D5854E1114E1C59C00DEAE67 /* MWImageParser.m */,
			);
			name = MWFeedParser;
			sourceTree = "<group>";
		};
		4CC8960C119F0CF000ED61B6 /* Categories */ = {
			isa = PBXGroup;
			children = (
				4C65F316120863F800606CFC /* NSString+HTML.h */,
				4C65F317120863F800606CFC /* NSString+HTML.m */,
				4C661F42125E3F2D007F1792 /* NSDate+InternetDateTime.h */,
				4C661F43125E3F2D007F1792 /* NSDate+InternetDateTime.m */,
				4C65F30F12085FF400606CFC /* Google Toolbox for Mac */,
				4C65F3151208638600606CFC /* Depreciated */,
			);
			name = Categories;
			sourceTree = "<group>";
		};
		4CC89620119F0D1E00ED61B6 /* App */ = {
			isa = PBXGroup;
			children = (
				1D3623240D0F684500981E51 /* MWFeedParserAppDelegate.h */,
				1D3623250D0F684500981E51 /* MWFeedParserAppDelegate.m */,
				4CC89610119F0D0C00ED61B6 /* RootViewController.h */,
				4CC89611119F0D0C00ED61B6 /* RootViewController.m */,
				4CAD0E1011DA03BD0086F5F8 /* DetailTableViewController.h */,
				4CAD0E1111DA03BD0086F5F8 /* DetailTableViewController.m */,
			);
			name = App;
			sourceTree = "<group>";
		};
		D56D70A814F9A8440084EC11 /* libtidy */ = {
			isa = PBXGroup;
			children = (
				D56D70F114F9A8BF0084EC11 /* buffio.h */,
				D56D70F214F9A8BF0084EC11 /* platform.h */,
				D56D70F314F9A8BF0084EC11 /* tidy.h */,
				D56D70F414F9A8BF0084EC11 /* tidyenum.h */,
				D56D70AA14F9A8960084EC11 /* access.c */,
				D56D70AB14F9A8960084EC11 /* access.h */,
				D56D70AC14F9A8960084EC11 /* alloc.c */,
				D56D70AD14F9A8960084EC11 /* attrask.c */,
				D56D70AE14F9A8960084EC11 /* attrdict.c */,
				D56D70AF14F9A8960084EC11 /* attrdict.h */,
				D56D70B014F9A8960084EC11 /* attrget.c */,
				D56D70B114F9A8960084EC11 /* attrs.c */,
				D56D70B214F9A8960084EC11 /* attrs.h */,
				D56D70B314F9A8960084EC11 /* buffio.c */,
				D56D70B414F9A8960084EC11 /* charsets.c */,
				D56D70B514F9A8960084EC11 /* charsets.h */,
				D56D70B614F9A8960084EC11 /* clean.c */,
				D56D70B714F9A8960084EC11 /* clean.h */,
				D56D70B814F9A8960084EC11 /* config.c */,
				D56D70B914F9A8960084EC11 /* config.h */,
				D56D70BA14F9A8960084EC11 /* entities.c */,
				D56D70BB14F9A8960084EC11 /* entities.h */,
				D56D70BC14F9A8960084EC11 /* fileio.c */,
				D56D70BD14F9A8960084EC11 /* fileio.h */,
				D56D70BE14F9A8960084EC11 /* forward.h */,
				D56D70BF14F9A8960084EC11 /* iconvtc.c */,
				D56D70C014F9A8960084EC11 /* iconvtc.h */,
				D56D70C114F9A8960084EC11 /* istack.c */,
				D56D70C214F9A8960084EC11 /* lexer.c */,
				D56D70C314F9A8960084EC11 /* lexer.h */,
				D56D70C414F9A8960084EC11 /* localize.c */,
				D56D70C514F9A8960084EC11 /* mappedio.c */,
				D56D70C614F9A8960084EC11 /* mappedio.h */,
				D56D70C714F9A8960084EC11 /* message.h */,
				D56D70C814F9A8960084EC11 /* parser.c */,
				D56D70C914F9A8960084EC11 /* parser.h */,
				D56D70CA14F9A8960084EC11 /* pprint.c */,
				D56D70CB14F9A8960084EC11 /* pprint.h */,
				D56D70CC14F9A8960084EC11 /* streamio.c */,
				D56D70CD14F9A8960084EC11 /* streamio.h */,
				D56D70CE14F9A8960084EC11 /* tagask.c */,
				D56D70CF14F9A8960084EC11 /* tags.c */,
				D56D70D014F9A8960084EC11 /* tags.h */,
				D56D70D114F9A8960084EC11 /* tidy-int.h */,
				D56D70D214F9A8960084EC11 /* tidylib.c */,
				D56D70D314F9A8960084EC11 /* tmbstr.c */,
				D56D70D414F9A8960084EC11 /* tmbstr.h */,
				D56D70D514F9A8960084EC11 /* utf8.c */,
				D56D70D614F9A8960084EC11 /* utf8.h */,
				D56D70D714F9A8960084EC11 /* version.h */,
			);
			name = libtidy;
			sourceTree = "<group>";
		};
		D5854E1D14E1CC9400DEAE67 /* MWFeedParserTests */ = {
			isa = PBXGroup;
			children = (
				D5854E2314E1CC9400DEAE67 /* MWFeedParserTests.h */,
				D5854E2414E1CC9400DEAE67 /* MWFeedParserTests.m */,
				D5854E1E14E1CC9400DEAE67 /* Supporting Files */,
			);
			path = MWFeedParserTests;
			sourceTree = "<group>";
		};
		D5854E1E14E1CC9400DEAE67 /* Supporting Files */ = {
			isa = PBXGroup;
			children = (
				D5854E2A14E1CD1700DEAE67 /* samples */,
				D5854E1F14E1CC9400DEAE67 /* MWFeedParserTests-Info.plist */,
				D5854E2014E1CC9400DEAE67 /* InfoPlist.strings */,
				D5854E2614E1CC9400DEAE67 /* MWFeedParserTests-Prefix.pch */,
			);
			name = "Supporting Files";
			sourceTree = "<group>";
		};
/* End PBXGroup section */

/* Begin PBXNativeTarget section */
		1D6058900D05DD3D006BFB54 /* MWFeedParser */ = {
			isa = PBXNativeTarget;
			buildConfigurationList = 1D6058960D05DD3E006BFB54 /* Build configuration list for PBXNativeTarget "MWFeedParser" */;
			buildPhases = (
				1D60588D0D05DD3D006BFB54 /* Resources */,
				1D60588E0D05DD3D006BFB54 /* Sources */,
				1D60588F0D05DD3D006BFB54 /* Frameworks */,
			);
			buildRules = (
			);
			dependencies = (
			);
			name = MWFeedParser;
			productName = MWFeedParser;
			productReference = 1D6058910D05DD3D006BFB54 /* MWFeedParser.app */;
			productType = "com.apple.product-type.application";
		};
		D5854E1714E1CC9300DEAE67 /* MWFeedParserTests */ = {
			isa = PBXNativeTarget;
			buildConfigurationList = D5854E2714E1CC9400DEAE67 /* Build configuration list for PBXNativeTarget "MWFeedParserTests" */;
			buildPhases = (
				D5854E1314E1CC9300DEAE67 /* Sources */,
				D5854E1414E1CC9300DEAE67 /* Frameworks */,
				D5854E1514E1CC9300DEAE67 /* Resources */,
				D5854E1614E1CC9300DEAE67 /* ShellScript */,
			);
			buildRules = (
			);
			dependencies = (
			);
			name = MWFeedParserTests;
			productName = MWFeedParserTests;
			productReference = D5854E1814E1CC9300DEAE67 /* MWFeedParserTests.octest */;
			productType = "com.apple.product-type.bundle";
		};
/* End PBXNativeTarget section */

/* Begin PBXProject section */
		29B97313FDCFA39411CA2CEA /* Project object */ = {
			isa = PBXProject;
			attributes = {
				LastUpgradeCheck = 0420;
				ORGANIZATIONNAME = "Michael Waterfall";
			};
			buildConfigurationList = C01FCF4E08A954540054247B /* Build configuration list for PBXProject "MWFeedParser" */;
			compatibilityVersion = "Xcode 3.2";
			developmentRegion = English;
			hasScannedForEncodings = 1;
			knownRegions = (
				English,
				Japanese,
				French,
				German,
				en,
			);
			mainGroup = 29B97314FDCFA39411CA2CEA /* CustomTemplate */;
			projectDirPath = "";
			projectRoot = "";
			targets = (
				1D6058900D05DD3D006BFB54 /* MWFeedParser */,
				D5854E1714E1CC9300DEAE67 /* MWFeedParserTests */,
			);
		};
/* End PBXProject section */

/* Begin PBXResourcesBuildPhase section */
		1D60588D0D05DD3D006BFB54 /* Resources */ = {
			isa = PBXResourcesBuildPhase;
			buildActionMask = 2147483647;
			files = (
				28AD73600D9D9599002E5188 /* MainWindow.xib in Resources */,
				28F335F11007B36200424DE2 /* RootViewController.xib in Resources */,
				4C661F8B125E50FA007F1792 /* Icon.png in Resources */,
			);
			runOnlyForDeploymentPostprocessing = 0;
		};
		D5854E1514E1CC9300DEAE67 /* Resources */ = {
			isa = PBXResourcesBuildPhase;
			buildActionMask = 2147483647;
			files = (
				D5854E2C14E1CD3A00DEAE67 /* samples in Resources */,
				D5854E2214E1CC9400DEAE67 /* InfoPlist.strings in Resources */,
			);
			runOnlyForDeploymentPostprocessing = 0;
		};
/* End PBXResourcesBuildPhase section */

/* Begin PBXShellScriptBuildPhase section */
		D5854E1614E1CC9300DEAE67 /* ShellScript */ = {
			isa = PBXShellScriptBuildPhase;
			buildActionMask = 2147483647;
			files = (
			);
			inputPaths = (
			);
			outputPaths = (
			);
			runOnlyForDeploymentPostprocessing = 0;
			shellPath = /bin/sh;
			shellScript = "# Run the unit tests in this test bundle.\n\"${SYSTEM_DEVELOPER_DIR}/Tools/RunUnitTests\"\n";
		};
/* End PBXShellScriptBuildPhase section */

/* Begin PBXSourcesBuildPhase section */
		1D60588E0D05DD3D006BFB54 /* Sources */ = {
			isa = PBXSourcesBuildPhase;
			buildActionMask = 2147483647;
			files = (
				1D60589B0D05DD56006BFB54 /* main.m in Sources */,
				1D3623260D0F684500981E51 /* MWFeedParserAppDelegate.m in Sources */,
				4CC89609119F0CED00ED61B6 /* MWFeedParser.m in Sources */,
				4CC8960A119F0CED00ED61B6 /* MWFeedInfo.m in Sources */,
				4CC8960B119F0CED00ED61B6 /* MWFeedItem.m in Sources */,
				4CC8960F119F0CFB00ED61B6 /* NSString+XMLEntities.m in Sources */,
				4CC89612119F0D0C00ED61B6 /* RootViewController.m in Sources */,
				4CAD0E1211DA03BD0086F5F8 /* DetailTableViewController.m in Sources */,
				4C65F2EB12085ACE00606CFC /* GTMNSString+HTML.m in Sources */,
				4C65F318120863F800606CFC /* NSString+HTML.m in Sources */,
				4C661F44125E3F2D007F1792 /* NSDate+InternetDateTime.m in Sources */,
				D5854E1214E1C59C00DEAE67 /* MWImageParser.m in Sources */,
				D56D70D814F9A8960084EC11 /* access.c in Sources */,
				D56D70D914F9A8960084EC11 /* alloc.c in Sources */,
				D56D70DA14F9A8960084EC11 /* attrask.c in Sources */,
				D56D70DB14F9A8960084EC11 /* attrdict.c in Sources */,
				D56D70DC14F9A8960084EC11 /* attrget.c in Sources */,
				D56D70DD14F9A8960084EC11 /* attrs.c in Sources */,
				D56D70DE14F9A8960084EC11 /* buffio.c in Sources */,
				D56D70DF14F9A8960084EC11 /* charsets.c in Sources */,
				D56D70E014F9A8960084EC11 /* clean.c in Sources */,
				D56D70E114F9A8960084EC11 /* config.c in Sources */,
				D56D70E214F9A8960084EC11 /* entities.c in Sources */,
				D56D70E314F9A8960084EC11 /* fileio.c in Sources */,
				D56D70E414F9A8960084EC11 /* iconvtc.c in Sources */,
				D56D70E514F9A8960084EC11 /* istack.c in Sources */,
				D56D70E614F9A8960084EC11 /* lexer.c in Sources */,
				D56D70E714F9A8960084EC11 /* localize.c in Sources */,
				D56D70E814F9A8960084EC11 /* mappedio.c in Sources */,
				D56D70E914F9A8960084EC11 /* parser.c in Sources */,
				D56D70EA14F9A8960084EC11 /* pprint.c in Sources */,
				D56D70EB14F9A8960084EC11 /* streamio.c in Sources */,
				D56D70EC14F9A8960084EC11 /* tagask.c in Sources */,
				D56D70ED14F9A8960084EC11 /* tags.c in Sources */,
				D56D70EE14F9A8960084EC11 /* tidylib.c in Sources */,
				D56D70EF14F9A8960084EC11 /* tmbstr.c in Sources */,
				D56D70F014F9A8960084EC11 /* utf8.c in Sources */,
			);
			runOnlyForDeploymentPostprocessing = 0;
		};
		D5854E1314E1CC9300DEAE67 /* Sources */ = {
			isa = PBXSourcesBuildPhase;
			buildActionMask = 2147483647;
			files = (
				D56D70F514F9AAE40084EC11 /* access.c in Sources */,
				D56D70F614F9AAE40084EC11 /* alloc.c in Sources */,
				D56D70F714F9AAE40084EC11 /* attrask.c in Sources */,
				D56D70F814F9AAE40084EC11 /* attrdict.c in Sources */,
				D56D70F914F9AAE40084EC11 /* attrget.c in Sources */,
				D56D70FA14F9AAE40084EC11 /* attrs.c in Sources */,
				D56D70FB14F9AAE40084EC11 /* buffio.c in Sources */,
				D56D70FC14F9AAE40084EC11 /* charsets.c in Sources */,
				D56D70FD14F9AAE40084EC11 /* clean.c in Sources */,
				D56D70FE14F9AAE40084EC11 /* config.c in Sources */,
				D56D70FF14F9AAE40084EC11 /* entities.c in Sources */,
				D56D710014F9AAE40084EC11 /* fileio.c in Sources */,
				D56D710114F9AAE40084EC11 /* iconvtc.c in Sources */,
				D56D710214F9AAE40084EC11 /* istack.c in Sources */,
				D56D710314F9AAE40084EC11 /* lexer.c in Sources */,
				D56D710414F9AAE40084EC11 /* localize.c in Sources */,
				D56D710514F9AAE40084EC11 /* mappedio.c in Sources */,
				D56D710614F9AAE40084EC11 /* parser.c in Sources */,
				D56D710714F9AAE40084EC11 /* pprint.c in Sources */,
				D56D710814F9AAE40084EC11 /* streamio.c in Sources */,
				D56D710914F9AAE40084EC11 /* tagask.c in Sources */,
				D56D710A14F9AAE40084EC11 /* tags.c in Sources */,
				D56D710B14F9AAE40084EC11 /* tidylib.c in Sources */,
				D56D710C14F9AAE40084EC11 /* tmbstr.c in Sources */,
				D56D710D14F9AAE40084EC11 /* utf8.c in Sources */,
				D5854E2F14E1CD5500DEAE67 /* MWFeedParser.m in Sources */,
				D5854E3114E1CD5500DEAE67 /* MWFeedInfo.m in Sources */,
				D5854E3314E1CD5500DEAE67 /* MWFeedItem.m in Sources */,
				D5854E3514E1CD5500DEAE67 /* MWImageParser.m in Sources */,
				D5854E3714E1CD5500DEAE67 /* NSString+HTML.m in Sources */,
				D5854E3914E1CD5500DEAE67 /* NSDate+InternetDateTime.m in Sources */,
				D5854E2514E1CC9400DEAE67 /* MWFeedParserTests.m in Sources */,
			);
			runOnlyForDeploymentPostprocessing = 0;
		};
/* End PBXSourcesBuildPhase section */

/* Begin PBXVariantGroup section */
		D5854E2014E1CC9400DEAE67 /* InfoPlist.strings */ = {
			isa = PBXVariantGroup;
			children = (
				D5854E2114E1CC9400DEAE67 /* en */,
			);
			name = InfoPlist.strings;
			sourceTree = "<group>";
		};
/* End PBXVariantGroup section */

/* Begin XCBuildConfiguration section */
		1D6058940D05DD3E006BFB54 /* Debug */ = {
			isa = XCBuildConfiguration;
			buildSettings = {
				ALWAYS_SEARCH_USER_PATHS = NO;
				COPY_PHASE_STRIP = NO;
				GCC_DYNAMIC_NO_PIC = NO;
				GCC_OPTIMIZATION_LEVEL = 0;
				GCC_PRECOMPILE_PREFIX_HEADER = YES;
				GCC_PREFIX_HEADER = MWFeedParser_Prefix.pch;
				GCC_VERSION = com.apple.compilers.llvm.clang.1_0;
				INFOPLIST_FILE = "MWFeedParser-Info.plist";
				IPHONEOS_DEPLOYMENT_TARGET = 3.0;
				PRODUCT_NAME = MWFeedParser;
				SDKROOT = iphoneos;
				VALIDATE_PRODUCT = NO;
			};
			name = Debug;
		};
		1D6058950D05DD3E006BFB54 /* Release */ = {
			isa = XCBuildConfiguration;
			buildSettings = {
				ALWAYS_SEARCH_USER_PATHS = NO;
				COPY_PHASE_STRIP = YES;
				GCC_PRECOMPILE_PREFIX_HEADER = YES;
				GCC_PREFIX_HEADER = MWFeedParser_Prefix.pch;
				GCC_VERSION = com.apple.compilers.llvm.clang.1_0;
				INFOPLIST_FILE = "MWFeedParser-Info.plist";
				IPHONEOS_DEPLOYMENT_TARGET = 3.0;
				PRODUCT_NAME = MWFeedParser;
				SDKROOT = iphoneos;
				VALIDATE_PRODUCT = NO;
			};
			name = Release;
		};
		C01FCF4F08A954540054247B /* Debug */ = {
			isa = XCBuildConfiguration;
			buildSettings = {
				ARCHS = "$(ARCHS_STANDARD_32_BIT)";
				CODE_SIGN_IDENTITY = "";
				GCC_C_LANGUAGE_STANDARD = c99;
				GCC_VERSION = com.apple.compilers.llvmgcc42;
				GCC_WARN_ABOUT_RETURN_TYPE = YES;
				GCC_WARN_UNUSED_VARIABLE = YES;
				SDKROOT = iphoneos;
			};
			name = Debug;
		};
		C01FCF5008A954540054247B /* Release */ = {
			isa = XCBuildConfiguration;
			buildSettings = {
				ARCHS = "$(ARCHS_STANDARD_32_BIT)";
				CODE_SIGN_IDENTITY = "";
				GCC_C_LANGUAGE_STANDARD = c99;
				GCC_VERSION = com.apple.compilers.llvmgcc42;
				GCC_WARN_ABOUT_RETURN_TYPE = YES;
				GCC_WARN_UNUSED_VARIABLE = YES;
				OTHER_CFLAGS = "-DNS_BLOCK_ASSERTIONS=1";
				SDKROOT = iphoneos;
			};
			name = Release;
		};
		D5854E2814E1CC9400DEAE67 /* Debug */ = {
			isa = XCBuildConfiguration;
			buildSettings = {
				ALWAYS_SEARCH_USER_PATHS = NO;
				COPY_PHASE_STRIP = NO;
				FRAMEWORK_SEARCH_PATHS = (
					"$(SDKROOT)/Developer/Library/Frameworks",
					"$(DEVELOPER_LIBRARY_DIR)/Frameworks",
				);
				GCC_C_LANGUAGE_STANDARD = gnu99;
				GCC_DYNAMIC_NO_PIC = NO;
				GCC_OPTIMIZATION_LEVEL = 0;
				GCC_PRECOMPILE_PREFIX_HEADER = YES;
				GCC_PREFIX_HEADER = "MWFeedParserTests/MWFeedParserTests-Prefix.pch";
				GCC_PREPROCESSOR_DEFINITIONS = (
					"DEBUG=1",
					"$(inherited)",
				);
				GCC_SYMBOLS_PRIVATE_EXTERN = NO;
				GCC_VERSION = com.apple.compilers.llvm.clang.1_0;
				GCC_WARN_ABOUT_MISSING_PROTOTYPES = YES;
				INFOPLIST_FILE = "MWFeedParserTests/MWFeedParserTests-Info.plist";
				IPHONEOS_DEPLOYMENT_TARGET = 5.0;
				PRODUCT_NAME = "$(TARGET_NAME)";
				WRAPPER_EXTENSION = octest;
			};
			name = Debug;
		};
		D5854E2914E1CC9400DEAE67 /* Release */ = {
			isa = XCBuildConfiguration;
			buildSettings = {
				ALWAYS_SEARCH_USER_PATHS = NO;
				COPY_PHASE_STRIP = YES;
				FRAMEWORK_SEARCH_PATHS = (
					"$(SDKROOT)/Developer/Library/Frameworks",
					"$(DEVELOPER_LIBRARY_DIR)/Frameworks",
				);
				GCC_C_LANGUAGE_STANDARD = gnu99;
				GCC_PRECOMPILE_PREFIX_HEADER = YES;
				GCC_PREFIX_HEADER = "MWFeedParserTests/MWFeedParserTests-Prefix.pch";
				GCC_VERSION = com.apple.compilers.llvm.clang.1_0;
				GCC_WARN_ABOUT_MISSING_PROTOTYPES = YES;
				INFOPLIST_FILE = "MWFeedParserTests/MWFeedParserTests-Info.plist";
				IPHONEOS_DEPLOYMENT_TARGET = 5.0;
				PRODUCT_NAME = "$(TARGET_NAME)";
				VALIDATE_PRODUCT = YES;
				WRAPPER_EXTENSION = octest;
			};
			name = Release;
		};
/* End XCBuildConfiguration section */

/* Begin XCConfigurationList section */
		1D6058960D05DD3E006BFB54 /* Build configuration list for PBXNativeTarget "MWFeedParser" */ = {
			isa = XCConfigurationList;
			buildConfigurations = (
				1D6058940D05DD3E006BFB54 /* Debug */,
				1D6058950D05DD3E006BFB54 /* Release */,
			);
			defaultConfigurationIsVisible = 0;
			defaultConfigurationName = Release;
		};
		C01FCF4E08A954540054247B /* Build configuration list for PBXProject "MWFeedParser" */ = {
			isa = XCConfigurationList;
			buildConfigurations = (
				C01FCF4F08A954540054247B /* Debug */,
				C01FCF5008A954540054247B /* Release */,
			);
			defaultConfigurationIsVisible = 0;
			defaultConfigurationName = Release;
		};
		D5854E2714E1CC9400DEAE67 /* Build configuration list for PBXNativeTarget "MWFeedParserTests" */ = {
			isa = XCConfigurationList;
			buildConfigurations = (
				D5854E2814E1CC9400DEAE67 /* Debug */,
				D5854E2914E1CC9400DEAE67 /* Release */,
			);
			defaultConfigurationIsVisible = 0;
			defaultConfigurationName = Release;
		};
/* End XCConfigurationList section */
	};
	rootObject = 29B97313FDCFA39411CA2CEA /* Project object */;
}
